<?xml version="1.0" encoding="utf-8"?>
<Project ToolsVersion="4.0" xmlns="http://schemas.microsoft.com/developer/msbuild/2003">
  <ItemGroup>
    <Filter Include="Quelldateien">
      <UniqueIdentifier>{4FC737F1-C7A5-4376-A066-2A32D752A2FF}</UniqueIdentifier>
      <Extensions>cpp;c;cc;cxx;c++;cppm;ixx;def;odl;idl;hpj;bat;asm;asmx</Extensions>
    </Filter>
    <Filter Include="Headerdateien">
      <UniqueIdentifier>{93995380-89BD-4b04-88EB-625FBE52EBFB}</UniqueIdentifier>
      <Extensions>h;hh;hpp;hxx;h++;hm;inl;inc;ipp;xsd</Extensions>
    </Filter>
    <Filter Include="Ressourcendateien">
      <UniqueIdentifier>{67DA6AB6-F800-4c08-8B7A-83BB121AAD01}</UniqueIdentifier>
      <Extensions>rc;ico;cur;bmp;dlg;rc2;rct;bin;rgs;gif;jpg;jpeg;jpe;resx;tiff;tif;png;wav;mfcribbon-ms</Extensions>
    </Filter>
  </ItemGroup>
  <ItemGroup>
    <ClInclude Include="include\CUVNMR.h">
      <Filter>Headerdateien</Filter>
    </ClInclude>
    <ClInclude Include="include\CuvetteDlg.h">
      <Filter>Headerdateien</Filter>
    </ClInclude>
    <ClInclude Include="include\framework.h">
      <Filter>Headerdateien</Filter>
    </ClInclude>
    <ClInclude Include="include\targetver.h">
      <Filter>Headerdateien</Filter>
    </ClInclude>
    <ClInclude Include="include\Resource.h">
      <Filter>Headerdateien</Filter>
    </ClInclude>
    <ClInclude Include="include\pch.h">
      <Filter>Headerdateien</Filter>
    </ClInclude>
    <ClInclude Include="include\GraphControl.h">
      <Filter>Headerdateien</Filter>
    </ClInclude>
    <ClInclude Include="include\ImportDlg.h">
      <Filter>Headerdateien</Filter>
    </ClInclude>
    <ClInclude Include="include\DataBase.h">
      <Filter>Headerdateien</Filter>
    </ClInclude>
    <ClInclude Include="include\physical_constants.h">
      <Filter>Headerdateien</Filter>
    </ClInclude>
    <ClInclude Include="include\CMainTab1.h">
      <Filter>Headerdateien</Filter>
    </ClInclude>
    <ClInclude Include="include\CMainTab2.h">
      <Filter>Headerdateien</Filter>
    </ClInclude>
    <ClInclude Include="include\OpenGLRenderer.h">
      <Filter>Headerdateien</Filter>
    </ClInclude>
    <ClInclude Include="include\Point.h">
      <Filter>Headerdateien</Filter>
    </ClInclude>
    <ClInclude Include="include\Camera.h">
      <Filter>Headerdateien</Filter>
    </ClInclude>
    <ClInclude Include="include\Ray.h">
      <Filter>Headerdateien</Filter>
    </ClInclude>
    <ClInclude Include="include\ViewPropertiesDlg.h">
      <Filter>Headerdateien</Filter>
    </ClInclude>
    <ClInclude Include="include\MoleculeViewerDlg.h">
      <Filter>Headerdateien</Filter>
    </ClInclude>
    <ClInclude Include="include\Simulation.h">
      <Filter>Headerdateien</Filter>
    </ClInclude>
    <ClInclude Include="include\ListSliderCtrl.h">
      <Filter>Headerdateien</Filter>
    </ClInclude>
    <ClInclude Include="include\ListButton.h">
      <Filter>Headerdateien</Filter>
    </ClInclude>
    <ClInclude Include="include\CSetNameDlg.h">
      <Filter>Headerdateien</Filter>
    </ClInclude>
    <ClInclude Include="include\CIsotopeDlg.h">
      <Filter>Headerdateien</Filter>
    </ClInclude>
    <ClInclude Include="include\NelderMeadSimplex.h">
      <Filter>Headerdateien</Filter>
    </ClInclude>
    <ClInclude Include="include\math_operations.h">
      <Filter>Headerdateien</Filter>
    </ClInclude>
    <ClInclude Include="include\CMainTab3.h">
      <Filter>Headerdateien</Filter>
    </ClInclude>
    <ClInclude Include="include\CAbout.h">
      <Filter>Headerdateien</Filter>
    </ClInclude>
    <ClInclude Include="include\CEditAddOrb.h">
      <Filter>Headerdateien</Filter>
    </ClInclude>
    <ClInclude Include="include\CDisplaySimDataDlg.h">
      <Filter>Headerdateien</Filter>
    </ClInclude>
    <ClInclude Include="include\CEnsembleDlg.h">
      <Filter>Headerdateien</Filter>
    </ClInclude>
    <ClInclude Include="include\CEditRefDlg.h">
      <Filter>Headerdateien</Filter>
    </ClInclude>
    <ClInclude Include="include\CStatError.h">
      <Filter>Headerdateien</Filter>
    </ClInclude>
    <ClInclude Include="include\CGTensor.h">
      <Filter>Headerdateien</Filter>
    </ClInclude>
    <ClInclude Include="include\GitHubUpdater.h">
      <Filter>Headerdateien</Filter>
    </ClInclude>
    <ClInclude Include="include\CUpdateDlg.h">
      <Filter>Headerdateien</Filter>
    </ClInclude>
  </ItemGroup>
  <ItemGroup>
    <ClCompile Include="src\CUVNMR.cpp">
      <Filter>Quelldateien</Filter>
    </ClCompile>
    <ClCompile Include="src\CuvetteDlg.cpp">
      <Filter>Quelldateien</Filter>
    </ClCompile>
    <ClCompile Include="src\pch.cpp">
      <Filter>Quelldateien</Filter>
    </ClCompile>
    <ClCompile Include="src\GraphControl.cpp">
      <Filter>Quelldateien</Filter>
    </ClCompile>
    <ClCompile Include="src\ImportDlg.cpp">
      <Filter>Quelldateien</Filter>
    </ClCompile>
    <ClCompile Include="src\DataBase.cpp">
      <Filter>Quelldateien</Filter>
    </ClCompile>
    <ClCompile Include="src\physical_constants.cpp">
      <Filter>Quelldateien</Filter>
    </ClCompile>
    <ClCompile Include="src\CMainTab1.cpp">
      <Filter>Quelldateien</Filter>
    </ClCompile>
    <ClCompile Include="src\CMainTab2.cpp">
      <Filter>Quelldateien</Filter>
    </ClCompile>
    <ClCompile Include="src\OpenGLRenderer.cpp">
      <Filter>Quelldateien</Filter>
    </ClCompile>
    <ClCompile Include="src\Point.cpp">
      <Filter>Quelldateien</Filter>
    </ClCompile>
    <ClCompile Include="src\Camera.cpp">
      <Filter>Quelldateien</Filter>
    </ClCompile>
    <ClCompile Include="src\ViewPropertiesDlg.cpp">
      <Filter>Quelldateien</Filter>
    </ClCompile>
    <ClCompile Include="src\MoleculeViewerDlg.cpp">
      <Filter>Quelldateien</Filter>
    </ClCompile>
    <ClCompile Include="src\Simulation.cpp">
      <Filter>Quelldateien</Filter>
    </ClCompile>
    <ClCompile Include="src\ListSliderCtrl.cpp">
      <Filter>Quelldateien</Filter>
    </ClCompile>
    <ClCompile Include="src\ListButton.cpp">
      <Filter>Quelldateien</Filter>
    </ClCompile>
    <ClCompile Include="src\CSetNameDlg.cpp">
      <Filter>Quelldateien</Filter>
    </ClCompile>
    <ClCompile Include="src\CIsotopeDlg.cpp">
      <Filter>Quelldateien</Filter>
    </ClCompile>
    <ClCompile Include="src\NelderMeadSimplex.cpp">
      <Filter>Quelldateien</Filter>
    </ClCompile>
    <ClCompile Include="src\math_operations.cpp">
      <Filter>Quelldateien</Filter>
    </ClCompile>
    <ClCompile Include="src\CMainTab3.cpp">
      <Filter>Quelldateien</Filter>
    </ClCompile>
    <ClCompile Include="src\CAbout.cpp">
      <Filter>Quelldateien</Filter>
    </ClCompile>
    <ClCompile Include="src\CEditAddOrb.cpp">
      <Filter>Quelldateien</Filter>
    </ClCompile>
    <ClCompile Include="src\CDisplaySimDataDlg.cpp">
      <Filter>Quelldateien</Filter>
    </ClCompile>
    <ClCompile Include="src\CEnsembleDlg.cpp">
      <Filter>Quelldateien</Filter>
    </ClCompile>
    <ClCompile Include="src\CEditRefDlg.cpp">
      <Filter>Quelldateien</Filter>
    </ClCompile>
    <ClCompile Include="src\CStatError.cpp">
      <Filter>Quelldateien</Filter>
    </ClCompile>
    <ClCompile Include="src\CGTensor.cpp">
      <Filter>Quelldateien</Filter>
    </ClCompile>
    <ClCompile Include="src\GitHubUpdater.cpp">
      <Filter>Quelldateien</Filter>
    </ClCompile>
    <ClCompile Include="src\CUpdateDlg.cpp">
      <Filter>Quelldateien</Filter>
    </ClCompile>
  </ItemGroup>
  <ItemGroup>
    <ResourceCompile Include="CUVNMR.rc">
      <Filter>Ressourcendateien</Filter>
    </ResourceCompile>
  </ItemGroup>
  <ItemGroup>
    <None Include="res\CUVNMR.rc2">
      <Filter>Ressourcendateien</Filter>
    </None>
  </ItemGroup>
  <ItemGroup>
    <Image Include="res\CUVNMR.ico">
      <Filter>Ressourcendateien</Filter>
    </Image>
    <Image Include="res\bitmap1.bmp">
      <Filter>Ressourcendateien</Filter>
    </Image>
    <Image Include="res\Logo.bmp">
      <Filter>Ressourcendateien</Filter>
    </Image>
    <Image Include="res\CUVNMRLogo.bmp">
      <Filter>Ressourcendateien</Filter>
    </Image>
  </ItemGroup>
</Project>